
Microsoft Visual Studio Solution File, Format Version 12.00
Project("{FAE04EC0-301F-11D3-BF4B-00C04F79EFBC}") = "Docker.Discord", "Docker.Discord\Docker.Discord.csproj", "{98520F8C-3D2F-4822-BF8F-62F11D1135CF}"
EndProject
Project("{FAE04EC0-301F-11D3-BF4B-00C04F79EFBC}") = "Docker.Discord.Remora", "Docker.Discord.Remora\Docker.Discord.Remora.csproj", "{0BAE2207-A1F4-44EF-8262-5B645C6272A5}"
EndProject
Global
	GlobalSection(SolutionConfigurationPlatforms) = preSolution
		Debug|Any CPU = Debug|Any CPU
		Release|Any CPU = Release|Any CPU
	EndGlobalSection
	GlobalSection(ProjectConfigurationPlatforms) = postSolution
		{98520F8C-3D2F-4822-BF8F-62F11D1135CF}.Debug|Any CPU.ActiveCfg = Debug|Any CPU
		{98520F8C-3D2F-4822-BF8F-62F11D1135CF}.Debug|Any CPU.Build.0 = Debug|Any CPU
		{98520F8C-3D2F-4822-BF8F-62F11D1135CF}.Release|Any CPU.ActiveCfg = Release|Any CPU
		{98520F8C-3D2F-4822-BF8F-62F11D1135CF}.Release|Any CPU.Build.0 = Release|Any CPU
		{0BAE2207-A1F4-44EF-8262-5B645C6272A5}.Debug|Any CPU.ActiveCfg = Debug|Any CPU
		{0BAE2207-A1F4-44EF-8262-5B645C6272A5}.Debug|Any CPU.Build.0 = Debug|Any CPU
		{0BAE2207-A1F4-44EF-8262-5B645C6272A5}.Release|Any CPU.ActiveCfg = Release|Any CPU
		{0BAE2207-A1F4-44EF-8262-5B645C6272A5}.Release|Any CPU.Build.0 = Release|Any CPU
	EndGlobalSection
EndGlobal
